// !$*UTF8*$!
{
	archiveVersion = 1;
	classes = {
	};
	objectVersion = 55;
	objects = {

/* Begin PBXBuildFile section */
		2E6ACFCD2907794C006CCD80 /* WeatherData.swift in Sources */ = {isa = PBXBuildFile; fileRef = 2E6ACFCC2907794C006CCD80 /* WeatherData.swift */; };
		2E6ACFCF29086090006CCD80 /* weatherModel.swift in Sources */ = {isa = PBXBuildFile; fileRef = 2E6ACFCE29086090006CCD80 /* weatherModel.swift */; };
		2EB1D9A929024121008EEF09 /* AppDelegate.swift in Sources */ = {isa = PBXBuildFile; fileRef = 2EB1D9A829024121008EEF09 /* AppDelegate.swift */; };
		2EB1D9AB29024121008EEF09 /* SceneDelegate.swift in Sources */ = {isa = PBXBuildFile; fileRef = 2EB1D9AA29024121008EEF09 /* SceneDelegate.swift */; };
		2EB1D9AD29024121008EEF09 /* ViewController.swift in Sources */ = {isa = PBXBuildFile; fileRef = 2EB1D9AC29024121008EEF09 /* ViewController.swift */; };
		2EB1D9B029024121008EEF09 /* Main.storyboard in Resources */ = {isa = PBXBuildFile; fileRef = 2EB1D9AE29024121008EEF09 /* Main.storyboard */; };
		2EB1D9B329024121008EEF09 /* WeatherApp_Story.xcdatamodeld in Sources */ = {isa = PBXBuildFile; fileRef = 2EB1D9B129024121008EEF09 /* WeatherApp_Story.xcdatamodeld */; };
		2EB1D9B529024123008EEF09 /* Assets.xcassets in Resources */ = {isa = PBXBuildFile; fileRef = 2EB1D9B429024123008EEF09 /* Assets.xcassets */; };
		2EB1D9B829024123008EEF09 /* LaunchScreen.storyboard in Resources */ = {isa = PBXBuildFile; fileRef = 2EB1D9B629024123008EEF09 /* LaunchScreen.storyboard */; };
		2EB1D9C029024DE5008EEF09 /* WeartherManager.swift in Sources */ = {isa = PBXBuildFile; fileRef = 2EB1D9BF29024DE5008EEF09 /* WeartherManager.swift */; };
/* End PBXBuildFile section */

/* Begin PBXFileReference section */
		2E6ACFCC2907794C006CCD80 /* WeatherData.swift */ = {isa = PBXFileReference; lastKnownFileType = sourcecode.swift; path = WeatherData.swift; sourceTree = "<group>"; };
		2E6ACFCE29086090006CCD80 /* weatherModel.swift */ = {isa = PBXFileReference; lastKnownFileType = sourcecode.swift; path = weatherModel.swift; sourceTree = "<group>"; };
		2EB1D9A529024121008EEF09 /* WeatherApp_Story.app */ = {isa = PBXFileReference; explicitFileType = wrapper.application; includeInIndex = 0; path = WeatherApp_Story.app; sourceTree = BUILT_PRODUCTS_DIR; };
		2EB1D9A829024121008EEF09 /* AppDelegate.swift */ = {isa = PBXFileReference; lastKnownFileType = sourcecode.swift; path = AppDelegate.swift; sourceTree = "<group>"; };
		2EB1D9AA29024121008EEF09 /* SceneDelegate.swift */ = {isa = PBXFileReference; lastKnownFileType = sourcecode.swift; path = SceneDelegate.swift; sourceTree = "<group>"; };
		2EB1D9AC29024121008EEF09 /* ViewController.swift */ = {isa = PBXFileReference; lastKnownFileType = sourcecode.swift; path = ViewController.swift; sourceTree = "<group>"; };
		2EB1D9AF29024121008EEF09 /* Base */ = {isa = PBXFileReference; lastKnownFileType = file.storyboard; name = Base; path = Base.lproj/Main.storyboard; sourceTree = "<group>"; };
		2EB1D9B229024121008EEF09 /* WeatherApp_Story.xcdatamodel */ = {isa = PBXFileReference; lastKnownFileType = wrapper.xcdatamodel; path = WeatherApp_Story.xcdatamodel; sourceTree = "<group>"; };
		2EB1D9B429024123008EEF09 /* Assets.xcassets */ = {isa = PBXFileReference; lastKnownFileType = folder.assetcatalog; path = Assets.xcassets; sourceTree = "<group>"; };
		2EB1D9B729024123008EEF09 /* Base */ = {isa = PBXFileReference; lastKnownFileType = file.storyboard; name = Base; path = Base.lproj/LaunchScreen.storyboard; sourceTree = "<group>"; };
		2EB1D9B929024123008EEF09 /* Info.plist */ = {isa = PBXFileReference; lastKnownFileType = text.plist.xml; path = Info.plist; sourceTree = "<group>"; };
		2EB1D9BF29024DE5008EEF09 /* WeartherManager.swift */ = {isa = PBXFileReference; lastKnownFileType = sourcecode.swift; path = WeartherManager.swift; sourceTree = "<group>"; };
/* End PBXFileReference section */

/* Begin PBXFrameworksBuildPhase section */
		2EB1D9A229024121008EEF09 /* Frameworks */ = {
			isa = PBXFrameworksBuildPhase;
			buildActionMask = 2147483647;
			files = (
			);
			runOnlyForDeploymentPostprocessing = 0;
		};
/* End PBXFrameworksBuildPhase section */

/* Begin PBXGroup section */
		2EB1D99C29024121008EEF09 = {
			isa = PBXGroup;
			children = (
				2EB1D9A729024121008EEF09 /* WeatherApp_Story */,
				2EB1D9A629024121008EEF09 /* Products */,
			);
			sourceTree = "<group>";
		};
		2EB1D9A629024121008EEF09 /* Products */ = {
			isa = PBXGroup;
			children = (
				2EB1D9A529024121008EEF09 /* WeatherApp_Story.app */,
			);
			name = Products;
			sourceTree = "<group>";
		};
		2EB1D9A729024121008EEF09 /* WeatherApp_Story */ = {
			isa = PBXGroup;
			children = (
				2EB1D9C129024F86008EEF09 /* Modelo */,
				2EB1D9A829024121008EEF09 /* AppDelegate.swift */,
				2EB1D9AA29024121008EEF09 /* SceneDelegate.swift */,
				2EB1D9AC29024121008EEF09 /* ViewController.swift */,
				2EB1D9AE29024121008EEF09 /* Main.storyboard */,
				2EB1D9B429024123008EEF09 /* Assets.xcassets */,
				2EB1D9B629024123008EEF09 /* LaunchScreen.storyboard */,
				2EB1D9B929024123008EEF09 /* Info.plist */,
				2EB1D9B129024121008EEF09 /* WeatherApp_Story.xcdatamodeld */,
			);
			path = WeatherApp_Story;
			sourceTree = "<group>";
		};
		2EB1D9C129024F86008EEF09 /* Modelo */ = {
			isa = PBXGroup;
			children = (
				2EB1D9BF29024DE5008EEF09 /* WeartherManager.swift */,
				2E6ACFCC2907794C006CCD80 /* WeatherData.swift */,
				2E6ACFCE29086090006CCD80 /* weatherModel.swift */,
			);
			path = Modelo;
			sourceTree = "<group>";
		};
/* End PBXGroup section */

/* Begin PBXNativeTarget section */
		2EB1D9A429024121008EEF09 /* WeatherApp_Story */ = {
			isa = PBXNativeTarget;
			buildConfigurationList = 2EB1D9BC29024123008EEF09 /* Build configuration list for PBXNativeTarget "WeatherApp_Story" */;
			buildPhases = (
				2EB1D9A129024121008EEF09 /* Sources */,
				2EB1D9A229024121008EEF09 /* Frameworks */,
				2EB1D9A329024121008EEF09 /* Resources */,
			);
			buildRules = (
			);
			dependencies = (
			);
			name = WeatherApp_Story;
			productName = WeatherApp_Story;
			productReference = 2EB1D9A529024121008EEF09 /* WeatherApp_Story.app */;
			productType = "com.apple.product-type.application";
		};
/* End PBXNativeTarget section */

/* Begin PBXProject section */
		2EB1D99D29024121008EEF09 /* Project object */ = {
			isa = PBXProject;
			attributes = {
				BuildIndependentTargetsInParallel = 1;
				LastSwiftUpdateCheck = 1340;
				LastUpgradeCheck = 1340;
				TargetAttributes = {
					2EB1D9A429024121008EEF09 = {
						CreatedOnToolsVersion = 13.4.1;
					};
				};
			};
			buildConfigurationList = 2EB1D9A029024121008EEF09 /* Build configuration list for PBXProject "WeatherApp_Story" */;
			compatibilityVersion = "Xcode 13.0";
			developmentRegion = en;
			hasScannedForEncodings = 0;
			knownRegions = (
				en,
				Base,
			);
			mainGroup = 2EB1D99C29024121008EEF09;
			productRefGroup = 2EB1D9A629024121008EEF09 /* Products */;
			projectDirPath = "";
			projectRoot = "";
			targets = (
				2EB1D9A429024121008EEF09 /* WeatherApp_Story */,
			);
		};
/* End PBXProject section */

/* Begin PBXResourcesBuildPhase section */
		2EB1D9A329024121008EEF09 /* Resources */ = {
			isa = PBXResourcesBuildPhase;
			buildActionMask = 2147483647;
			files = (
				2EB1D9B829024123008EEF09 /* LaunchScreen.storyboard in Resources */,
				2EB1D9B529024123008EEF09 /* Assets.xcassets in Resources */,
				2EB1D9B029024121008EEF09 /* Main.storyboard in Resources */,
			);
			runOnlyForDeploymentPostprocessing = 0;
		};
/* End PBXResourcesBuildPhase section */

/* Begin PBXSourcesBuildPhase section */
		2EB1D9A129024121008EEF09 /* Sources */ = {
			isa = PBXSourcesBuildPhase;
			buildActionMask = 2147483647;
			files = (
				2EB1D9AD29024121008EEF09 /* ViewController.swift in Sources */,
				2EB1D9A929024121008EEF09 /* AppDelegate.swift in Sources */,
				2EB1D9B329024121008EEF09 /* WeatherApp_Story.xcdatamodeld in Sources */,
				2EB1D9C029024DE5008EEF09 /* WeartherManager.swift in Sources */,
				2E6ACFCD2907794C006CCD80 /* WeatherData.swift in Sources */,
				2E6ACFCF29086090006CCD80 /* weatherModel.swift in Sources */,
				2EB1D9AB29024121008EEF09 /* SceneDelegate.swift in Sources */,
			);
			runOnlyForDeploymentPostprocessing = 0;
		};
/* End PBXSourcesBuildPhase section */

/* Begin PBXVariantGroup section */
		2EB1D9AE29024121008EEF09 /* Main.storyboard */ = {
			isa = PBXVariantGroup;
			children = (
				2EB1D9AF29024121008EEF09 /* Base */,
			);
			name = Main.storyboard;
			sourceTree = "<group>";
		};
		2EB1D9B629024123008EEF09 /* LaunchScreen.storyboard */ = {
			isa = PBXVariantGroup;
			children = (
				2EB1D9B729024123008EEF09 /* Base */,
			);
			name = LaunchScreen.storyboard;
			sourceTree = "<group>";
		};
/* End PBXVariantGroup section */

/* Begin XCBuildConfiguration section */
		2EB1D9BA29024123008EEF09 /* Debug */ = {
			isa = XCBuildConfiguration;
			buildSettings = {
				ALWAYS_SEARCH_USER_PATHS = NO;
				CLANG_ANALYZER_NONNULL = YES;
				CLANG_ANALYZER_NUMBER_OBJECT_CONVERSION = YES_AGGRESSIVE;
				CLANG_CXX_LANGUAGE_STANDARD = "gnu++17";
				CLANG_ENABLE_MODULES = YES;
				CLANG_ENABLE_OBJC_ARC = YES;
				CLANG_ENABLE_OBJC_WEAK = YES;
				CLANG_WARN_BLOCK_CAPTURE_AUTORELEASING = YES;
				CLANG_WARN_BOOL_CONVERSION = YES;
				CLANG_WARN_COMMA = YES;
				CLANG_WARN_CONSTANT_CONVERSION = YES;
				CLANG_WARN_DEPRECATED_OBJC_IMPLEMENTATIONS = YES;
				CLANG_WARN_DIRECT_OBJC_ISA_USAGE = YES_ERROR;
				CLANG_WARN_DOCUMENTATION_COMMENTS = YES;
				CLANG_WARN_EMPTY_BODY = YES;
				CLANG_WARN_ENUM_CONVERSION = YES;
				CLANG_WARN_INFINITE_RECURSION = YES;
				CLANG_WARN_INT_CONVERSION = YES;
				CLANG_WARN_NON_LITERAL_NULL_CONVERSION = YES;
				CLANG_WARN_OBJC_IMPLICIT_RETAIN_SELF = YES;
				CLANG_WARN_OBJC_LITERAL_CONVERSION = YES;
				CLANG_WARN_OBJC_ROOT_CLASS = YES_ERROR;
				CLANG_WARN_QUOTED_INCLUDE_IN_FRAMEWORK_HEADER = YES;
				CLANG_WARN_RANGE_LOOP_ANALYSIS = YES;
				CLANG_WARN_STRICT_PROTOTYPES = YES;
				CLANG_WARN_SUSPICIOUS_MOVE = YES;
				CLANG_WARN_UNGUARDED_AVAILABILITY = YES_AGGRESSIVE;
				CLANG_WARN_UNREACHABLE_CODE = YES;
				CLANG_WARN__DUPLICATE_METHOD_MATCH = YES;
				COPY_PHASE_STRIP = NO;
				DEBUG_INFORMATION_FORMAT = dwarf;
				ENABLE_STRICT_OBJC_MSGSEND = YES;
				ENABLE_TESTABILITY = YES;
				GCC_C_LANGUAGE_STANDARD = gnu11;
				GCC_DYNAMIC_NO_PIC = NO;
				GCC_NO_COMMON_BLOCKS = YES;
				GCC_OPTIMIZATION_LEVEL = 0;
				GCC_PREPROCESSOR_DEFINITIONS = (
					"DEBUG=1",
					"$(inherited)",
				);
				GCC_WARN_64_TO_32_BIT_CONVERSION = YES;
				GCC_WARN_ABOUT_RETURN_TYPE = YES_ERROR;
				GCC_WARN_UNDECLARED_SELECTOR = YES;
				GCC_WARN_UNINITIALIZED_AUTOS = YES_AGGRESSIVE;
				GCC_WARN_UNUSED_FUNCTION = YES;
				GCC_WARN_UNUSED_VARIABLE = YES;
				IPHONEOS_DEPLOYMENT_TARGET = 15.5;
				MTL_ENABLE_DEBUG_INFO = INCLUDE_SOURCE;
				MTL_FAST_MATH = YES;
				ONLY_ACTIVE_ARCH = YES;
				SDKROOT = iphoneos;
				SWIFT_ACTIVE_COMPILATION_CONDITIONS = DEBUG;
				SWIFT_OPTIMIZATION_LEVEL = "-Onone";
			};
			name = Debug;
		};
		2EB1D9BB29024123008EEF09 /* Release */ = {
			isa = XCBuildConfiguration;
			buildSettings = {
				ALWAYS_SEARCH_USER_PATHS = NO;
				CLANG_ANALYZER_NONNULL = YES;
				CLANG_ANALYZER_NUMBER_OBJECT_CONVERSION = YES_AGGRESSIVE;
				CLANG_CXX_LANGUAGE_STANDARD = "gnu++17";
				CLANG_ENABLE_MODULES = YES;
				CLANG_ENABLE_OBJC_ARC = YES;
				CLANG_ENABLE_OBJC_WEAK = YES;
				CLANG_WARN_BLOCK_CAPTURE_AUTORELEASING = YES;
				CLANG_WARN_BOOL_CONVERSION = YES;
				CLANG_WARN_COMMA = YES;
				CLANG_WARN_CONSTANT_CONVERSION = YES;
				CLANG_WARN_DEPRECATED_OBJC_IMPLEMENTATIONS = YES;
				CLANG_WARN_DIRECT_OBJC_ISA_USAGE = YES_ERROR;
				CLANG_WARN_DOCUMENTATION_COMMENTS = YES;
				CLANG_WARN_EMPTY_BODY = YES;
				CLANG_WARN_ENUM_CONVERSION = YES;
				CLANG_WARN_INFINITE_RECURSION = YES;
				CLANG_WARN_INT_CONVERSION = YES;
				CLANG_WARN_NON_LITERAL_NULL_CONVERSION = YES;
				CLANG_WARN_OBJC_IMPLICIT_RETAIN_SELF = YES;
				CLANG_WARN_OBJC_LITERAL_CONVERSION = YES;
				CLANG_WARN_OBJC_ROOT_CLASS = YES_ERROR;
				CLANG_WARN_QUOTED_INCLUDE_IN_FRAMEWORK_HEADER = YES;
				CLANG_WARN_RANGE_LOOP_ANALYSIS = YES;
				CLANG_WARN_STRICT_PROTOTYPES = YES;
				CLANG_WARN_SUSPICIOUS_MOVE = YES;
				CLANG_WARN_UNGUARDED_AVAILABILITY = YES_AGGRESSIVE;
				CLANG_WARN_UNREACHABLE_CODE = YES;
				CLANG_WARN__DUPLICATE_METHOD_MATCH = YES;
				COPY_PHASE_STRIP = NO;
				DEBUG_INFORMATION_FORMAT = "dwarf-with-dsym";
				ENABLE_NS_ASSERTIONS = NO;
				ENABLE_STRICT_OBJC_MSGSEND = YES;
				GCC_C_LANGUAGE_STANDARD = gnu11;
				GCC_NO_COMMON_BLOCKS = YES;
				GCC_WARN_64_TO_32_BIT_CONVERSION = YES;
				GCC_WARN_ABOUT_RETURN_TYPE = YES_ERROR;
				GCC_WARN_UNDECLARED_SELECTOR = YES;
				GCC_WARN_UNINITIALIZED_AUTOS = YES_AGGRESSIVE;
				GCC_WARN_UNUSED_FUNCTION = YES;
				GCC_WARN_UNUSED_VARIABLE = YES;
				IPHONEOS_DEPLOYMENT_TARGET = 15.5;
				MTL_ENABLE_DEBUG_INFO = NO;
				MTL_FAST_MATH = YES;
				SDKROOT = iphoneos;
				SWIFT_COMPILATION_MODE = wholemodule;
				SWIFT_OPTIMIZATION_LEVEL = "-O";
				VALIDATE_PRODUCT = YES;
			};
			name = Release;
		};
		2EB1D9BD29024123008EEF09 /* Debug */ = {
			isa = XCBuildConfiguration;
			buildSettings = {
				ASSETCATALOG_COMPILER_APPICON_NAME = AppIcon;
				ASSETCATALOG_COMPILER_GLOBAL_ACCENT_COLOR_NAME = AccentColor;
				CODE_SIGN_STYLE = Automatic;
				CURRENT_PROJECT_VERSION = 1;
				DEVELOPMENT_TEAM = 789V3BEY84;
				GENERATE_INFOPLIST_FILE = YES;
				INFOPLIST_FILE = WeatherApp_Story/Info.plist;
				INFOPLIST_KEY_NSLocationWhenInUseUsageDescription = "Allow in order to acces your location";
				INFOPLIST_KEY_UIApplicationSupportsIndirectInputEvents = YES;
				INFOPLIST_KEY_UILaunchStoryboardName = LaunchScreen;
				INFOPLIST_KEY_UIMainStoryboardFile = Main;
				INFOPLIST_KEY_UISupportedInterfaceOrientations_iPad = "UIInterfaceOrientationPortrait UIInterfaceOrientationPortraitUpsideDown UIInterfaceOrientationLandscapeLeft UIInterfaceOrientationLandscapeRight";
				INFOPLIST_KEY_UISupportedInterfaceOrientations_iPhone = "UIInterfaceOrientationPortrait UIInterfaceOrientationLandscapeLeft UIInterfaceOrientationLandscapeRight";
				LD_RUNPATH_SEARCH_PATHS = (
					"$(inherited)",
					"@executable_path/Frameworks",
				);
				MARKETING_VERSION = 1.0;
				PRODUCT_BUNDLE_IDENTIFIER = "EmilioYoltic.WeatherApp-Story";
				PRODUCT_NAME = "$(TARGET_NAME)";
				SWIFT_EMIT_LOC_STRINGS = YES;
				SWIFT_VERSION = 5.0;
				TARGETED_DEVICE_FAMILY = "1,2";
			};
			name = Debug;
		};
		2EB1D9BE29024123008EEF09 /* Release */ = {
			isa = XCBuildConfiguration;
			buildSettings = {
				ASSETCATALOG_COMPILER_APPICON_NAME = AppIcon;
				ASSETCATALOG_COMPILER_GLOBAL_ACCENT_COLOR_NAME = AccentColor;
				CODE_SIGN_STYLE = Automatic;
				CURRENT_PROJECT_VERSION = 1;
				DEVELOPMENT_TEAM = 789V3BEY84;
				GENERATE_INFOPLIST_FILE = YES;
				INFOPLIST_FILE = WeatherApp_Story/Info.plist;
				INFOPLIST_KEY_NSLocationWhenInUseUsageDescription = "Allow in order to acces your location";
				INFOPLIST_KEY_UIApplicationSupportsIndirectInputEvents = YES;
				INFOPLIST_KEY_UILaunchStoryboardName = LaunchScreen;
				INFOPLIST_KEY_UIMainStoryboardFile = Main;
				INFOPLIST_KEY_UISupportedInterfaceOrientations_iPad = "UIInterfaceOrientationPortrait UIInterfaceOrientationPortraitUpsideDown UIInterfaceOrientationLandscapeLeft UIInterfaceOrientationLandscapeRight";
				INFOPLIST_KEY_UISupportedInterfaceOrientations_iPhone = "UIInterfaceOrientationPortrait UIInterfaceOrientationLandscapeLeft UIInterfaceOrientationLandscapeRight";
				LD_RUNPATH_SEARCH_PATHS = (
					"$(inherited)",
					"@executable_path/Frameworks",
				);
				MARKETING_VERSION = 1.0;
				PRODUCT_BUNDLE_IDENTIFIER = "EmilioYoltic.WeatherApp-Story";
				PRODUCT_NAME = "$(TARGET_NAME)";
				SWIFT_EMIT_LOC_STRINGS = YES;
				SWIFT_VERSION = 5.0;
				TARGETED_DEVICE_FAMILY = "1,2";
			};
			name = Release;
		};
/* End XCBuildConfiguration section */

/* Begin XCConfigurationList section */
		2EB1D9A029024121008EEF09 /* Build configuration list for PBXProject "WeatherApp_Story" */ = {
			isa = XCConfigurationList;
			buildConfigurations = (
				2EB1D9BA29024123008EEF09 /* Debug */,
				2EB1D9BB29024123008EEF09 /* Release */,
			);
			defaultConfigurationIsVisible = 0;
			defaultConfigurationName = Release;
		};
		2EB1D9BC29024123008EEF09 /* Build configuration list for PBXNativeTarget "WeatherApp_Story" */ = {
			isa = XCConfigurationList;
			buildConfigurations = (
				2EB1D9BD29024123008EEF09 /* Debug */,
				2EB1D9BE29024123008EEF09 /* Release */,
			);
			defaultConfigurationIsVisible = 0;
			defaultConfigurationName = Release;
		};
/* End XCConfigurationList section */

/* Begin XCVersionGroup section */
		2EB1D9B129024121008EEF09 /* WeatherApp_Story.xcdatamodeld */ = {
			isa = XCVersionGroup;
			children = (
				2EB1D9B229024121008EEF09 /* WeatherApp_Story.xcdatamodel */,
			);
			currentVersion = 2EB1D9B229024121008EEF09 /* WeatherApp_Story.xcdatamodel */;
			path = WeatherApp_Story.xcdatamodeld;
			sourceTree = "<group>";
			versionGroupType = wrapper.xcdatamodel;
		};
/* End XCVersionGroup section */
	};
	rootObject = 2EB1D99D29024121008EEF09 /* Project object */;
}
